
Microsoft Visual Studio Solution File, Format Version 12.00
# Visual Studio 15
VisualStudioVersion = 15.0.28307.572
MinimumVisualStudioVersion = 10.0.40219.1
Project("{FAE04EC0-301F-11D3-BF4B-00C04F79EFBC}") = "WindowsFormsApp1", "WindowsFormsApp1\WindowsFormsApp1.csproj", "{7D3A1CAF-2396-4A10-A504-EDAC8446B246}"
EndProject
Global
	GlobalSection(SolutionConfigurationPlatforms) = preSolution
		Debug|Any CPU = Debug|Any CPU
		Release|Any CPU = Release|Any CPU
	EndGlobalSection
	GlobalSection(ProjectConfigurationPlatforms) = postSolution
		{7D3A1CAF-2396-4A10-A504-EDAC8446B246}.Debug|Any CPU.ActiveCfg = Debug|Any CPU
		{7D3A1CAF-2396-4A10-A504-EDAC8446B246}.Debug|Any CPU.Build.0 = Debug|Any CPU
		{7D3A1CAF-2396-4A10-A504-EDAC8446B246}.Release|Any CPU.ActiveCfg = Release|Any CPU
		{7D3A1CAF-2396-4A10-A504-EDAC8446B246}.Release|Any CPU.Build.0 = Release|Any CPU
	EndGlobalSection
	GlobalSection(SolutionProperties) = preSolution
		HideSolutionNode = FALSE
	EndGlobalSection
	GlobalSection(ExtensibilityGlobals) = postSolution
		SolutionGuid = {75223902-5AA8-4DB7-8A7D-15A5F3CA84D7}
	EndGlobalSection
EndGlobal
